
Microsoft Visual Studio Solution File, Format Version 12.00
# Visual Studio 2013
VisualStudioVersion = 12.0.31101.0
MinimumVisualStudioVersion = 10.0.40219.1
Project("{FAE04EC0-301F-11D3-BF4B-00C04F79EFBC}") = "Flame.Cecil", "Flame.Cecil.csproj", "{4A1D02A2-22DF-4355-8EDC-9E47DB1979C3}"
EndProject
Project("{FAE04EC0-301F-11D3-BF4B-00C04F79EFBC}") = "Flame.Python", "..\Flame.Python\Flame.Python.csproj", "{52E014A4-37D9-4049-9D92-CB8E5FF2151C}"
EndProject
Project("{FAE04EC0-301F-11D3-BF4B-00C04F79EFBC}") = "Flame.Recompilation", "..\Flame.Recompilation\Flame.Recompilation.csproj", "{F88EFCDF-EF4D-4B49-8908-AF89017C5A1D}"
EndProject
Project("{FAE04EC0-301F-11D3-BF4B-00C04F79EFBC}") = "dsc", "..\dsc\dsc.csproj", "{AC94302E-857A-4A7E-9198-2EA880279FFE}"
EndProject
Project("{FAE04EC0-301F-11D3-BF4B-00C04F79EFBC}") = "Flame.DSProject", "..\Flame.DSProject\Flame.DSProject.csproj", "{4BA294FE-EF52-46BB-AA1C-B25E327E44E3}"
EndProject
Project("{FAE04EC0-301F-11D3-BF4B-00C04F79EFBC}") = "Flame.TextContract", "..\Flame.TextContract\Flame.TextContract.csproj", "{54EC66E3-8B54-476F-8FAC-8AC1934453E8}"
EndProject
Project("{FAE04EC0-301F-11D3-BF4B-00C04F79EFBC}") = "Flame.Cpp", "..\Flame.Cpp\Flame.Cpp.csproj", "{1E89128E-A307-474E-BFD7-02810498F792}"
EndProject
Project("{FAE04EC0-301F-11D3-BF4B-00C04F79EFBC}") = "Flame.MIPS", "..\Flame.MIPS\Flame.MIPS.csproj", "{0F61B9F7-907B-4B19-8227-55662DC6E70A}"
EndProject
Project("{FAE04EC0-301F-11D3-BF4B-00C04F79EFBC}") = "Flame.Analysis", "..\Flame.Analysis\Flame.Analysis.csproj", "{B262C36B-6162-40E1-9AA3-D6569694AC97}"
EndProject
Project("{FAE04EC0-301F-11D3-BF4B-00C04F79EFBC}") = "Flame.Verification", "..\Flame.Verification\Flame.Verification.csproj", "{A934B6B2-14EC-47E8-8B89-D978378B82F7}"
EndProject
Project("{FAE04EC0-301F-11D3-BF4B-00C04F79EFBC}") = "Flame.CodeDescription", "..\Flame.CodeDescription\Flame.CodeDescription.csproj", "{B11DBDE8-1B3A-4474-B425-D79178148C9D}"
EndProject
Project("{FAE04EC0-301F-11D3-BF4B-00C04F79EFBC}") = "Flame.XmlDocs", "..\Flame.XmlDocs\Flame.XmlDocs.csproj", "{CD2775AF-ED95-4562-9903-A309A6841BAE}"
EndProject
Project("{FAE04EC0-301F-11D3-BF4B-00C04F79EFBC}") = "Flame.Plugs", "..\Flame.Plugs\Flame.Plugs.csproj", "{5BFF6D12-701E-4BC1-B0C4-78031E8C558B}"
EndProject
Project("{FAE04EC0-301F-11D3-BF4B-00C04F79EFBC}") = "FlameRT", "..\FlameRT\FlameRT.csproj", "{A0782FAA-6754-4B9D-B856-334DFCBA3462}"
EndProject
Project("{FAE04EC0-301F-11D3-BF4B-00C04F79EFBC}") = "Flame.Bytecode", "..\Flame.Bytecode\Flame.Bytecode.csproj", "{ADAA1BAD-18EF-4365-AF39-69A78A02591B}"
EndProject
Global
	GlobalSection(SolutionConfigurationPlatforms) = preSolution
		Debug|Any CPU = Debug|Any CPU
		Release|Any CPU = Release|Any CPU
	EndGlobalSection
	GlobalSection(ProjectConfigurationPlatforms) = postSolution
		{4A1D02A2-22DF-4355-8EDC-9E47DB1979C3}.Debug|Any CPU.ActiveCfg = Debug|Any CPU
		{4A1D02A2-22DF-4355-8EDC-9E47DB1979C3}.Debug|Any CPU.Build.0 = Debug|Any CPU
		{4A1D02A2-22DF-4355-8EDC-9E47DB1979C3}.Release|Any CPU.ActiveCfg = Release|Any CPU
		{4A1D02A2-22DF-4355-8EDC-9E47DB1979C3}.Release|Any CPU.Build.0 = Release|Any CPU
		{52E014A4-37D9-4049-9D92-CB8E5FF2151C}.Debug|Any CPU.ActiveCfg = Debug|Any CPU
		{52E014A4-37D9-4049-9D92-CB8E5FF2151C}.Debug|Any CPU.Build.0 = Debug|Any CPU
		{52E014A4-37D9-4049-9D92-CB8E5FF2151C}.Release|Any CPU.ActiveCfg = Release|Any CPU
		{52E014A4-37D9-4049-9D92-CB8E5FF2151C}.Release|Any CPU.Build.0 = Release|Any CPU
		{F88EFCDF-EF4D-4B49-8908-AF89017C5A1D}.Debug|Any CPU.ActiveCfg = Debug|Any CPU
		{F88EFCDF-EF4D-4B49-8908-AF89017C5A1D}.Debug|Any CPU.Build.0 = Debug|Any CPU
		{F88EFCDF-EF4D-4B49-8908-AF89017C5A1D}.Release|Any CPU.ActiveCfg = Release|Any CPU
		{F88EFCDF-EF4D-4B49-8908-AF89017C5A1D}.Release|Any CPU.Build.0 = Release|Any CPU
		{AC94302E-857A-4A7E-9198-2EA880279FFE}.Debug|Any CPU.ActiveCfg = Debug|Any CPU
		{AC94302E-857A-4A7E-9198-2EA880279FFE}.Debug|Any CPU.Build.0 = Debug|Any CPU
		{AC94302E-857A-4A7E-9198-2EA880279FFE}.Release|Any CPU.ActiveCfg = Release|Any CPU
		{AC94302E-857A-4A7E-9198-2EA880279FFE}.Release|Any CPU.Build.0 = Release|Any CPU
		{4BA294FE-EF52-46BB-AA1C-B25E327E44E3}.Debug|Any CPU.ActiveCfg = Debug|Any CPU
		{4BA294FE-EF52-46BB-AA1C-B25E327E44E3}.Debug|Any CPU.Build.0 = Debug|Any CPU
		{4BA294FE-EF52-46BB-AA1C-B25E327E44E3}.Release|Any CPU.ActiveCfg = Release|Any CPU
		{4BA294FE-EF52-46BB-AA1C-B25E327E44E3}.Release|Any CPU.Build.0 = Release|Any CPU
		{54EC66E3-8B54-476F-8FAC-8AC1934453E8}.Debug|Any CPU.ActiveCfg = Debug|Any CPU
		{54EC66E3-8B54-476F-8FAC-8AC1934453E8}.Debug|Any CPU.Build.0 = Debug|Any CPU
		{54EC66E3-8B54-476F-8FAC-8AC1934453E8}.Release|Any CPU.ActiveCfg = Release|Any CPU
		{54EC66E3-8B54-476F-8FAC-8AC1934453E8}.Release|Any CPU.Build.0 = Release|Any CPU
		{1E89128E-A307-474E-BFD7-02810498F792}.Debug|Any CPU.ActiveCfg = Debug|Any CPU
		{1E89128E-A307-474E-BFD7-02810498F792}.Debug|Any CPU.Build.0 = Debug|Any CPU
		{1E89128E-A307-474E-BFD7-02810498F792}.Release|Any CPU.ActiveCfg = Release|Any CPU
		{1E89128E-A307-474E-BFD7-02810498F792}.Release|Any CPU.Build.0 = Release|Any CPU
		{0F61B9F7-907B-4B19-8227-55662DC6E70A}.Debug|Any CPU.ActiveCfg = Debug|Any CPU
		{0F61B9F7-907B-4B19-8227-55662DC6E70A}.Debug|Any CPU.Build.0 = Debug|Any CPU
		{0F61B9F7-907B-4B19-8227-55662DC6E70A}.Release|Any CPU.ActiveCfg = Release|Any CPU
		{0F61B9F7-907B-4B19-8227-55662DC6E70A}.Release|Any CPU.Build.0 = Release|Any CPU
		{B262C36B-6162-40E1-9AA3-D6569694AC97}.Debug|Any CPU.ActiveCfg = Debug|Any CPU
		{B262C36B-6162-40E1-9AA3-D6569694AC97}.Debug|Any CPU.Build.0 = Debug|Any CPU
		{B262C36B-6162-40E1-9AA3-D6569694AC97}.Release|Any CPU.ActiveCfg = Release|Any CPU
		{B262C36B-6162-40E1-9AA3-D6569694AC97}.Release|Any CPU.Build.0 = Release|Any CPU
		{A934B6B2-14EC-47E8-8B89-D978378B82F7}.Debug|Any CPU.ActiveCfg = Debug|Any CPU
		{A934B6B2-14EC-47E8-8B89-D978378B82F7}.Debug|Any CPU.Build.0 = Debug|Any CPU
		{A934B6B2-14EC-47E8-8B89-D978378B82F7}.Release|Any CPU.ActiveCfg = Release|Any CPU
		{A934B6B2-14EC-47E8-8B89-D978378B82F7}.Release|Any CPU.Build.0 = Release|Any CPU
		{B11DBDE8-1B3A-4474-B425-D79178148C9D}.Debug|Any CPU.ActiveCfg = Debug|Any CPU
		{B11DBDE8-1B3A-4474-B425-D79178148C9D}.Debug|Any CPU.Build.0 = Debug|Any CPU
		{B11DBDE8-1B3A-4474-B425-D79178148C9D}.Release|Any CPU.ActiveCfg = Release|Any CPU
		{B11DBDE8-1B3A-4474-B425-D79178148C9D}.Release|Any CPU.Build.0 = Release|Any CPU
		{CD2775AF-ED95-4562-9903-A309A6841BAE}.Debug|Any CPU.ActiveCfg = Debug|Any CPU
		{CD2775AF-ED95-4562-9903-A309A6841BAE}.Debug|Any CPU.Build.0 = Debug|Any CPU
		{CD2775AF-ED95-4562-9903-A309A6841BAE}.Release|Any CPU.ActiveCfg = Release|Any CPU
		{CD2775AF-ED95-4562-9903-A309A6841BAE}.Release|Any CPU.Build.0 = Release|Any CPU
		{5BFF6D12-701E-4BC1-B0C4-78031E8C558B}.Debug|Any CPU.ActiveCfg = Debug|Any CPU
		{5BFF6D12-701E-4BC1-B0C4-78031E8C558B}.Debug|Any CPU.Build.0 = Debug|Any CPU
		{5BFF6D12-701E-4BC1-B0C4-78031E8C558B}.Release|Any CPU.ActiveCfg = Release|Any CPU
		{5BFF6D12-701E-4BC1-B0C4-78031E8C558B}.Release|Any CPU.Build.0 = Release|Any CPU
		{A0782FAA-6754-4B9D-B856-334DFCBA3462}.Debug|Any CPU.ActiveCfg = Debug|Any CPU
		{A0782FAA-6754-4B9D-B856-334DFCBA3462}.Debug|Any CPU.Build.0 = Debug|Any CPU
		{A0782FAA-6754-4B9D-B856-334DFCBA3462}.Release|Any CPU.ActiveCfg = Release|Any CPU
		{A0782FAA-6754-4B9D-B856-334DFCBA3462}.Release|Any CPU.Build.0 = Release|Any CPU
		{ADAA1BAD-18EF-4365-AF39-69A78A02591B}.Debug|Any CPU.ActiveCfg = Debug|Any CPU
		{ADAA1BAD-18EF-4365-AF39-69A78A02591B}.Debug|Any CPU.Build.0 = Debug|Any CPU
		{ADAA1BAD-18EF-4365-AF39-69A78A02591B}.Release|Any CPU.ActiveCfg = Release|Any CPU
		{ADAA1BAD-18EF-4365-AF39-69A78A02591B}.Release|Any CPU.Build.0 = Release|Any CPU
	EndGlobalSection
	GlobalSection(SolutionProperties) = preSolution
		HideSolutionNode = FALSE
	EndGlobalSection
EndGlobal
